Microsoft Visual Studio Solution File, Format Version 7.00
Project("{FAE04EC0-301F-11D3-BF4B-00C04F79EFBC}") = "Transformer", "Transformer.csproj", "{D51F9E0C-89B4-48A3-A2A8-2A659A52172B}"
EndProject
Global
	GlobalSection(SolutionConfiguration) = preSolution
		ConfigName.0 = Debug
		ConfigName.1 = Release
	EndGlobalSection
	GlobalSection(ProjectDependencies) = postSolution
	EndGlobalSection
	GlobalSection(ProjectConfiguration) = postSolution
		{D51F9E0C-89B4-48A3-A2A8-2A659A52172B}.Debug.ActiveCfg = Debug|.NET
		{D51F9E0C-89B4-48A3-A2A8-2A659A52172B}.Debug.Build.0 = Debug|.NET
		{D51F9E0C-89B4-48A3-A2A8-2A659A52172B}.Release.ActiveCfg = Release|.NET
		{D51F9E0C-89B4-48A3-A2A8-2A659A52172B}.Release.Build.0 = Release|.NET
	EndGlobalSection
	GlobalSection(ExtensibilityGlobals) = postSolution
	EndGlobalSection
	GlobalSection(ExtensibilityAddIns) = postSolution
	EndGlobalSection
EndGlobal
